
Microsoft Visual Studio Solution File, Format Version 12.00
# Visual Studio Version 17
VisualStudioVersion = 17.8.34511.84
MinimumVisualStudioVersion = 10.0.40219.1
Project("{8BC9CEB8-8B4A-11D0-8D11-00A0C91BC942}") = "Task_20240701", "Task_20240701.vcxproj", "{2CDE0AD5-BCE1-43F9-8BD6-E4267ADBC05E}"
EndProject
Global
	GlobalSection(SolutionConfigurationPlatforms) = preSolution
		Debug|x64 = Debug|x64
		Debug|x86 = Debug|x86
		Release|x64 = Release|x64
		Release|x86 = Release|x86
	EndGlobalSection
	GlobalSection(ProjectConfigurationPlatforms) = postSolution
		{2CDE0AD5-BCE1-43F9-8BD6-E4267ADBC05E}.Debug|x64.ActiveCfg = Debug|x64
		{2CDE0AD5-BCE1-43F9-8BD6-E4267ADBC05E}.Debug|x64.Build.0 = Debug|x64
		{2CDE0AD5-BCE1-43F9-8BD6-E4267ADBC05E}.Debug|x86.ActiveCfg = Debug|Win32
		{2CDE0AD5-BCE1-43F9-8BD6-E4267ADBC05E}.Debug|x86.Build.0 = Debug|Win32
		{2CDE0AD5-BCE1-43F9-8BD6-E4267ADBC05E}.Release|x64.ActiveCfg = Release|x64
		{2CDE0AD5-BCE1-43F9-8BD6-E4267ADBC05E}.Release|x64.Build.0 = Release|x64
		{2CDE0AD5-BCE1-43F9-8BD6-E4267ADBC05E}.Release|x86.ActiveCfg = Release|Win32
		{2CDE0AD5-BCE1-43F9-8BD6-E4267ADBC05E}.Release|x86.Build.0 = Release|Win32
	EndGlobalSection
	GlobalSection(SolutionProperties) = preSolution
		HideSolutionNode = FALSE
	EndGlobalSection
	GlobalSection(ExtensibilityGlobals) = postSolution
		SolutionGuid = {77DDD4BC-5DCF-4A55-983D-063DF8AD67BC}
	EndGlobalSection
EndGlobal
