
Microsoft Visual Studio Solution File, Format Version 12.00
# Visual Studio Version 17
VisualStudioVersion = 17.8.34511.84
MinimumVisualStudioVersion = 10.0.40219.1
Project("{8BC9CEB8-8B4A-11D0-8D11-00A0C91BC942}") = "Task_20240702", "Task_20240702.vcxproj", "{C81E70A8-23A9-4BE2-A077-523EF17F8F32}"
EndProject
Global
	GlobalSection(SolutionConfigurationPlatforms) = preSolution
		Debug|x64 = Debug|x64
		Debug|x86 = Debug|x86
		Release|x64 = Release|x64
		Release|x86 = Release|x86
	EndGlobalSection
	GlobalSection(ProjectConfigurationPlatforms) = postSolution
		{C81E70A8-23A9-4BE2-A077-523EF17F8F32}.Debug|x64.ActiveCfg = Debug|x64
		{C81E70A8-23A9-4BE2-A077-523EF17F8F32}.Debug|x64.Build.0 = Debug|x64
		{C81E70A8-23A9-4BE2-A077-523EF17F8F32}.Debug|x86.ActiveCfg = Debug|Win32
		{C81E70A8-23A9-4BE2-A077-523EF17F8F32}.Debug|x86.Build.0 = Debug|Win32
		{C81E70A8-23A9-4BE2-A077-523EF17F8F32}.Release|x64.ActiveCfg = Release|x64
		{C81E70A8-23A9-4BE2-A077-523EF17F8F32}.Release|x64.Build.0 = Release|x64
		{C81E70A8-23A9-4BE2-A077-523EF17F8F32}.Release|x86.ActiveCfg = Release|Win32
		{C81E70A8-23A9-4BE2-A077-523EF17F8F32}.Release|x86.Build.0 = Release|Win32
	EndGlobalSection
	GlobalSection(SolutionProperties) = preSolution
		HideSolutionNode = FALSE
	EndGlobalSection
	GlobalSection(ExtensibilityGlobals) = postSolution
		SolutionGuid = {72C29699-3F5E-425D-9CA2-8DAA791A91C2}
	EndGlobalSection
EndGlobal
